
Microsoft Visual Studio Solution File, Format Version 12.00
# Visual Studio 2012
Project("{FAE04EC0-301F-11D3-BF4B-00C04F79EFBC}") = "Core", "src\Core\Core.csproj", "{92679514-2E98-42E7-B5D9-C27A583FD074}"
EndProject
Project("{2150E333-8FDC-42A3-9474-1A3956D46DE8}") = "test", "test", "{DB590D70-9304-4E31-9EDC-85A28127F2A0}"
EndProject
Project("{FAE04EC0-301F-11D3-BF4B-00C04F79EFBC}") = "Ui", "src\Ui\Ui.csproj", "{AD5242BE-49E7-4FC6-8E34-169BFEBF1A24}"
EndProject
Project("{FAE04EC0-301F-11D3-BF4B-00C04F79EFBC}") = "SmokeTests", "test\SmokeTests\SmokeTests.csproj", "{76EF9471-AF3D-4A1A-9179-0C3F0E8EBF8A}"
EndProject
Global
	GlobalSection(SolutionConfigurationPlatforms) = preSolution
		Debug|Any CPU = Debug|Any CPU
		Release|Any CPU = Release|Any CPU
	EndGlobalSection
	GlobalSection(ProjectConfigurationPlatforms) = postSolution
		{92679514-2E98-42E7-B5D9-C27A583FD074}.Debug|Any CPU.ActiveCfg = Debug|Any CPU
		{92679514-2E98-42E7-B5D9-C27A583FD074}.Debug|Any CPU.Build.0 = Debug|Any CPU
		{92679514-2E98-42E7-B5D9-C27A583FD074}.Release|Any CPU.ActiveCfg = Release|Any CPU
		{92679514-2E98-42E7-B5D9-C27A583FD074}.Release|Any CPU.Build.0 = Release|Any CPU
		{AD5242BE-49E7-4FC6-8E34-169BFEBF1A24}.Debug|Any CPU.ActiveCfg = Debug|Any CPU
		{AD5242BE-49E7-4FC6-8E34-169BFEBF1A24}.Debug|Any CPU.Build.0 = Debug|Any CPU
		{AD5242BE-49E7-4FC6-8E34-169BFEBF1A24}.Release|Any CPU.ActiveCfg = Release|Any CPU
		{AD5242BE-49E7-4FC6-8E34-169BFEBF1A24}.Release|Any CPU.Build.0 = Release|Any CPU
		{76EF9471-AF3D-4A1A-9179-0C3F0E8EBF8A}.Debug|Any CPU.ActiveCfg = Debug|Any CPU
		{76EF9471-AF3D-4A1A-9179-0C3F0E8EBF8A}.Debug|Any CPU.Build.0 = Debug|Any CPU
		{76EF9471-AF3D-4A1A-9179-0C3F0E8EBF8A}.Release|Any CPU.ActiveCfg = Release|Any CPU
		{76EF9471-AF3D-4A1A-9179-0C3F0E8EBF8A}.Release|Any CPU.Build.0 = Release|Any CPU
	EndGlobalSection
	GlobalSection(SolutionProperties) = preSolution
		HideSolutionNode = FALSE
	EndGlobalSection
	GlobalSection(NestedProjects) = preSolution
		{76EF9471-AF3D-4A1A-9179-0C3F0E8EBF8A} = {DB590D70-9304-4E31-9EDC-85A28127F2A0}
	EndGlobalSection
EndGlobal
